
Microsoft Visual Studio Solution File, Format Version 12.00
# Visual Studio Version 16
VisualStudioVersion = 16.0.29509.3
MinimumVisualStudioVersion = 10.0.40219.1
Project("{FAE04EC0-301F-11D3-BF4B-00C04F79EFBC}") = "ReceivedEPHClient", "ReceivedEPHClient\ReceivedEPHClient.csproj", "{EC01FEF4-F678-4673-9A48-974642DFF94D}"
EndProject
Global
	GlobalSection(SolutionConfigurationPlatforms) = preSolution
		Debug|Any CPU = Debug|Any CPU
		Release|Any CPU = Release|Any CPU
	EndGlobalSection
	GlobalSection(ProjectConfigurationPlatforms) = postSolution
		{EC01FEF4-F678-4673-9A48-974642DFF94D}.Debug|Any CPU.ActiveCfg = Debug|Any CPU
		{EC01FEF4-F678-4673-9A48-974642DFF94D}.Debug|Any CPU.Build.0 = Debug|Any CPU
		{EC01FEF4-F678-4673-9A48-974642DFF94D}.Release|Any CPU.ActiveCfg = Release|Any CPU
		{EC01FEF4-F678-4673-9A48-974642DFF94D}.Release|Any CPU.Build.0 = Release|Any CPU
	EndGlobalSection
	GlobalSection(SolutionProperties) = preSolution
		HideSolutionNode = FALSE
	EndGlobalSection
	GlobalSection(ExtensibilityGlobals) = postSolution
		SolutionGuid = {866E83FA-6AA1-4BBA-88DE-D3F17D4899E6}
	EndGlobalSection
EndGlobal
